
Microsoft Visual Studio Solution File, Format Version 12.00
# Visual Studio Version 16
VisualStudioVersion = 16.0.29613.14
MinimumVisualStudioVersion = 10.0.40219.1
Project("{9A19103F-16F7-4668-BE54-9A1E7A4F7556}") = "src", "src\src.csproj", "{09F7F559-CA78-43FC-A1C2-298131741C52}"
EndProject
Project("{9A19103F-16F7-4668-BE54-9A1E7A4F7556}") = "src.Tests", "test\src.Tests\src.Tests.csproj", "{7439A606-D2BD-41EE-8006-C01939CA1417}"
EndProject
Global
	GlobalSection(SolutionConfigurationPlatforms) = preSolution
		Debug|Any CPU = Debug|Any CPU
		Release|Any CPU = Release|Any CPU
	EndGlobalSection
	GlobalSection(ProjectConfigurationPlatforms) = postSolution
		{09F7F559-CA78-43FC-A1C2-298131741C52}.Debug|Any CPU.ActiveCfg = Debug|Any CPU
		{09F7F559-CA78-43FC-A1C2-298131741C52}.Debug|Any CPU.Build.0 = Debug|Any CPU
		{09F7F559-CA78-43FC-A1C2-298131741C52}.Release|Any CPU.ActiveCfg = Release|Any CPU
		{09F7F559-CA78-43FC-A1C2-298131741C52}.Release|Any CPU.Build.0 = Release|Any CPU
		{7439A606-D2BD-41EE-8006-C01939CA1417}.Debug|Any CPU.ActiveCfg = Debug|Any CPU
		{7439A606-D2BD-41EE-8006-C01939CA1417}.Debug|Any CPU.Build.0 = Debug|Any CPU
		{7439A606-D2BD-41EE-8006-C01939CA1417}.Release|Any CPU.ActiveCfg = Release|Any CPU
		{7439A606-D2BD-41EE-8006-C01939CA1417}.Release|Any CPU.Build.0 = Release|Any CPU
	EndGlobalSection
	GlobalSection(SolutionProperties) = preSolution
		HideSolutionNode = FALSE
	EndGlobalSection
	GlobalSection(ExtensibilityGlobals) = postSolution
		SolutionGuid = {E8BA29BD-8613-414D-91AE-56903E0E2D8D}
	EndGlobalSection
EndGlobal
